
Microsoft Visual Studio Solution File, Format Version 12.00
# Visual Studio Version 17
VisualStudioVersion = 17.7.34031.279
MinimumVisualStudioVersion = 10.0.40219.1
Project("{FAE04EC0-301F-11D3-BF4B-00C04F79EFBC}") = "Triangle0", "Triangle0\Triangle0.csproj", "{BBF556F3-4D6B-4DC1-A2C6-52D90B951DAD}"
EndProject
Global
	GlobalSection(SolutionConfigurationPlatforms) = preSolution
		Debug|Any CPU = Debug|Any CPU
		Release|Any CPU = Release|Any CPU
	EndGlobalSection
	GlobalSection(ProjectConfigurationPlatforms) = postSolution
		{BBF556F3-4D6B-4DC1-A2C6-52D90B951DAD}.Debug|Any CPU.ActiveCfg = Debug|Any CPU
		{BBF556F3-4D6B-4DC1-A2C6-52D90B951DAD}.Debug|Any CPU.Build.0 = Debug|Any CPU
		{BBF556F3-4D6B-4DC1-A2C6-52D90B951DAD}.Release|Any CPU.ActiveCfg = Release|Any CPU
		{BBF556F3-4D6B-4DC1-A2C6-52D90B951DAD}.Release|Any CPU.Build.0 = Release|Any CPU
	EndGlobalSection
	GlobalSection(SolutionProperties) = preSolution
		HideSolutionNode = FALSE
	EndGlobalSection
	GlobalSection(ExtensibilityGlobals) = postSolution
		SolutionGuid = {B445E2F3-07C5-48B7-8A33-112C494A766A}
	EndGlobalSection
EndGlobal
